// !$*UTF8*$!
{
	archiveVersion = 1;
	classes = {
	};
	objectVersion = 56;
	objects = {

/* Begin PBXBuildFile section */
		B70C7B2C2C55287B00C1DF67 /* HomeView.swift in Sources */ = {isa = PBXBuildFile; fileRef = B70C7B2B2C55287B00C1DF67 /* HomeView.swift */; };
		B70C7B2E2C5538D700C1DF67 /* CustomBottomSheet.swift in Sources */ = {isa = PBXBuildFile; fileRef = B70C7B2D2C5538D700C1DF67 /* CustomBottomSheet.swift */; };
		B75229102C54DAB1009DBE2D /* SwiftUI_CustomBottomSheetApp.swift in Sources */ = {isa = PBXBuildFile; fileRef = B752290F2C54DAB1009DBE2D /* SwiftUI_CustomBottomSheetApp.swift */; };
		B75229122C54DAB1009DBE2D /* ContentView.swift in Sources */ = {isa = PBXBuildFile; fileRef = B75229112C54DAB1009DBE2D /* ContentView.swift */; };
		B75229142C54DAB2009DBE2D /* Assets.xcassets in Resources */ = {isa = PBXBuildFile; fileRef = B75229132C54DAB2009DBE2D /* Assets.xcassets */; };
		B75229172C54DAB2009DBE2D /* Preview Assets.xcassets in Resources */ = {isa = PBXBuildFile; fileRef = B75229162C54DAB2009DBE2D /* Preview Assets.xcassets */; };
		B75229212C54DAB2009DBE2D /* SwiftUI_CustomBottomSheetTests.swift in Sources */ = {isa = PBXBuildFile; fileRef = B75229202C54DAB2009DBE2D /* SwiftUI_CustomBottomSheetTests.swift */; };
		B752292B2C54DAB2009DBE2D /* SwiftUI_CustomBottomSheetUITests.swift in Sources */ = {isa = PBXBuildFile; fileRef = B752292A2C54DAB2009DBE2D /* SwiftUI_CustomBottomSheetUITests.swift */; };
		B752292D2C54DAB2009DBE2D /* SwiftUI_CustomBottomSheetUITestsLaunchTests.swift in Sources */ = {isa = PBXBuildFile; fileRef = B752292C2C54DAB2009DBE2D /* SwiftUI_CustomBottomSheetUITestsLaunchTests.swift */; };
/* End PBXBuildFile section */

/* Begin PBXContainerItemProxy section */
		B752291D2C54DAB2009DBE2D /* PBXContainerItemProxy */ = {
			isa = PBXContainerItemProxy;
			containerPortal = B75229042C54DAB1009DBE2D /* Project object */;
			proxyType = 1;
			remoteGlobalIDString = B752290B2C54DAB1009DBE2D;
			remoteInfo = "SwiftUI-CustomBottomSheet";
		};
		B75229272C54DAB2009DBE2D /* PBXContainerItemProxy */ = {
			isa = PBXContainerItemProxy;
			containerPortal = B75229042C54DAB1009DBE2D /* Project object */;
			proxyType = 1;
			remoteGlobalIDString = B752290B2C54DAB1009DBE2D;
			remoteInfo = "SwiftUI-CustomBottomSheet";
		};
/* End PBXContainerItemProxy section */

/* Begin PBXFileReference section */
		B70C7B2B2C55287B00C1DF67 /* HomeView.swift */ = {isa = PBXFileReference; lastKnownFileType = sourcecode.swift; path = HomeView.swift; sourceTree = "<group>"; };
		B70C7B2D2C5538D700C1DF67 /* CustomBottomSheet.swift */ = {isa = PBXFileReference; lastKnownFileType = sourcecode.swift; path = CustomBottomSheet.swift; sourceTree = "<group>"; };
		B752290C2C54DAB1009DBE2D /* SwiftUI-CustomBottomSheet.app */ = {isa = PBXFileReference; explicitFileType = wrapper.application; includeInIndex = 0; path = "SwiftUI-CustomBottomSheet.app"; sourceTree = BUILT_PRODUCTS_DIR; };
		B752290F2C54DAB1009DBE2D /* SwiftUI_CustomBottomSheetApp.swift */ = {isa = PBXFileReference; lastKnownFileType = sourcecode.swift; path = SwiftUI_CustomBottomSheetApp.swift; sourceTree = "<group>"; };
		B75229112C54DAB1009DBE2D /* ContentView.swift */ = {isa = PBXFileReference; lastKnownFileType = sourcecode.swift; path = ContentView.swift; sourceTree = "<group>"; };
		B75229132C54DAB2009DBE2D /* Assets.xcassets */ = {isa = PBXFileReference; lastKnownFileType = folder.assetcatalog; path = Assets.xcassets; sourceTree = "<group>"; };
		B75229162C54DAB2009DBE2D /* Preview Assets.xcassets */ = {isa = PBXFileReference; lastKnownFileType = folder.assetcatalog; path = "Preview Assets.xcassets"; sourceTree = "<group>"; };
		B752291C2C54DAB2009DBE2D /* SwiftUI-CustomBottomSheetTests.xctest */ = {isa = PBXFileReference; explicitFileType = wrapper.cfbundle; includeInIndex = 0; path = "SwiftUI-CustomBottomSheetTests.xctest"; sourceTree = BUILT_PRODUCTS_DIR; };
		B75229202C54DAB2009DBE2D /* SwiftUI_CustomBottomSheetTests.swift */ = {isa = PBXFileReference; lastKnownFileType = sourcecode.swift; path = SwiftUI_CustomBottomSheetTests.swift; sourceTree = "<group>"; };
		B75229262C54DAB2009DBE2D /* SwiftUI-CustomBottomSheetUITests.xctest */ = {isa = PBXFileReference; explicitFileType = wrapper.cfbundle; includeInIndex = 0; path = "SwiftUI-CustomBottomSheetUITests.xctest"; sourceTree = BUILT_PRODUCTS_DIR; };
		B752292A2C54DAB2009DBE2D /* SwiftUI_CustomBottomSheetUITests.swift */ = {isa = PBXFileReference; lastKnownFileType = sourcecode.swift; path = SwiftUI_CustomBottomSheetUITests.swift; sourceTree = "<group>"; };
		B752292C2C54DAB2009DBE2D /* SwiftUI_CustomBottomSheetUITestsLaunchTests.swift */ = {isa = PBXFileReference; lastKnownFileType = sourcecode.swift; path = SwiftUI_CustomBottomSheetUITestsLaunchTests.swift; sourceTree = "<group>"; };
/* End PBXFileReference section */

/* Begin PBXFrameworksBuildPhase section */
		B75229092C54DAB1009DBE2D /* Frameworks */ = {
			isa = PBXFrameworksBuildPhase;
			buildActionMask = 2147483647;
			files = (
			);
			runOnlyForDeploymentPostprocessing = 0;
		};
		B75229192C54DAB2009DBE2D /* Frameworks */ = {
			isa = PBXFrameworksBuildPhase;
			buildActionMask = 2147483647;
			files = (
			);
			runOnlyForDeploymentPostprocessing = 0;
		};
		B75229232C54DAB2009DBE2D /* Frameworks */ = {
			isa = PBXFrameworksBuildPhase;
			buildActionMask = 2147483647;
			files = (
			);
			runOnlyForDeploymentPostprocessing = 0;
		};
/* End PBXFrameworksBuildPhase section */

/* Begin PBXGroup section */
		B70C7B2A2C55286F00C1DF67 /* View */ = {
			isa = PBXGroup;
			children = (
				B75229112C54DAB1009DBE2D /* ContentView.swift */,
				B70C7B2B2C55287B00C1DF67 /* HomeView.swift */,
				B70C7B2D2C5538D700C1DF67 /* CustomBottomSheet.swift */,
			);
			path = View;
			sourceTree = "<group>";
		};
		B75229032C54DAB1009DBE2D = {
			isa = PBXGroup;
			children = (
				B752290E2C54DAB1009DBE2D /* SwiftUI-CustomBottomSheet */,
				B752291F2C54DAB2009DBE2D /* SwiftUI-CustomBottomSheetTests */,
				B75229292C54DAB2009DBE2D /* SwiftUI-CustomBottomSheetUITests */,
				B752290D2C54DAB1009DBE2D /* Products */,
			);
			sourceTree = "<group>";
		};
		B752290D2C54DAB1009DBE2D /* Products */ = {
			isa = PBXGroup;
			children = (
				B752290C2C54DAB1009DBE2D /* SwiftUI-CustomBottomSheet.app */,
				B752291C2C54DAB2009DBE2D /* SwiftUI-CustomBottomSheetTests.xctest */,
				B75229262C54DAB2009DBE2D /* SwiftUI-CustomBottomSheetUITests.xctest */,
			);
			name = Products;
			sourceTree = "<group>";
		};
		B752290E2C54DAB1009DBE2D /* SwiftUI-CustomBottomSheet */ = {
			isa = PBXGroup;
			children = (
				B752290F2C54DAB1009DBE2D /* SwiftUI_CustomBottomSheetApp.swift */,
				B70C7B2A2C55286F00C1DF67 /* View */,
				B75229132C54DAB2009DBE2D /* Assets.xcassets */,
				B75229152C54DAB2009DBE2D /* Preview Content */,
			);
			path = "SwiftUI-CustomBottomSheet";
			sourceTree = "<group>";
		};
		B75229152C54DAB2009DBE2D /* Preview Content */ = {
			isa = PBXGroup;
			children = (
				B75229162C54DAB2009DBE2D /* Preview Assets.xcassets */,
			);
			path = "Preview Content";
			sourceTree = "<group>";
		};
		B752291F2C54DAB2009DBE2D /* SwiftUI-CustomBottomSheetTests */ = {
			isa = PBXGroup;
			children = (
				B75229202C54DAB2009DBE2D /* SwiftUI_CustomBottomSheetTests.swift */,
			);
			path = "SwiftUI-CustomBottomSheetTests";
			sourceTree = "<group>";
		};
		B75229292C54DAB2009DBE2D /* SwiftUI-CustomBottomSheetUITests */ = {
			isa = PBXGroup;
			children = (
				B752292A2C54DAB2009DBE2D /* SwiftUI_CustomBottomSheetUITests.swift */,
				B752292C2C54DAB2009DBE2D /* SwiftUI_CustomBottomSheetUITestsLaunchTests.swift */,
			);
			path = "SwiftUI-CustomBottomSheetUITests";
			sourceTree = "<group>";
		};
/* End PBXGroup section */

/* Begin PBXNativeTarget section */
		B752290B2C54DAB1009DBE2D /* SwiftUI-CustomBottomSheet */ = {
			isa = PBXNativeTarget;
			buildConfigurationList = B75229302C54DAB2009DBE2D /* Build configuration list for PBXNativeTarget "SwiftUI-CustomBottomSheet" */;
			buildPhases = (
				B75229082C54DAB1009DBE2D /* Sources */,
				B75229092C54DAB1009DBE2D /* Frameworks */,
				B752290A2C54DAB1009DBE2D /* Resources */,
			);
			buildRules = (
			);
			dependencies = (
			);
			name = "SwiftUI-CustomBottomSheet";
			productName = "SwiftUI-CustomBottomSheet";
			productReference = B752290C2C54DAB1009DBE2D /* SwiftUI-CustomBottomSheet.app */;
			productType = "com.apple.product-type.application";
		};
		B752291B2C54DAB2009DBE2D /* SwiftUI-CustomBottomSheetTests */ = {
			isa = PBXNativeTarget;
			buildConfigurationList = B75229332C54DAB2009DBE2D /* Build configuration list for PBXNativeTarget "SwiftUI-CustomBottomSheetTests" */;
			buildPhases = (
				B75229182C54DAB2009DBE2D /* Sources */,
				B75229192C54DAB2009DBE2D /* Frameworks */,
				B752291A2C54DAB2009DBE2D /* Resources */,
			);
			buildRules = (
			);
			dependencies = (
				B752291E2C54DAB2009DBE2D /* PBXTargetDependency */,
			);
			name = "SwiftUI-CustomBottomSheetTests";
			productName = "SwiftUI-CustomBottomSheetTests";
			productReference = B752291C2C54DAB2009DBE2D /* SwiftUI-CustomBottomSheetTests.xctest */;
			productType = "com.apple.product-type.bundle.unit-test";
		};
		B75229252C54DAB2009DBE2D /* SwiftUI-CustomBottomSheetUITests */ = {
			isa = PBXNativeTarget;
			buildConfigurationList = B75229362C54DAB2009DBE2D /* Build configuration list for PBXNativeTarget "SwiftUI-CustomBottomSheetUITests" */;
			buildPhases = (
				B75229222C54DAB2009DBE2D /* Sources */,
				B75229232C54DAB2009DBE2D /* Frameworks */,
				B75229242C54DAB2009DBE2D /* Resources */,
			);
			buildRules = (
			);
			dependencies = (
				B75229282C54DAB2009DBE2D /* PBXTargetDependency */,
			);
			name = "SwiftUI-CustomBottomSheetUITests";
			productName = "SwiftUI-CustomBottomSheetUITests";
			productReference = B75229262C54DAB2009DBE2D /* SwiftUI-CustomBottomSheetUITests.xctest */;
			productType = "com.apple.product-type.bundle.ui-testing";
		};
/* End PBXNativeTarget section */

/* Begin PBXProject section */
		B75229042C54DAB1009DBE2D /* Project object */ = {
			isa = PBXProject;
			attributes = {
				BuildIndependentTargetsInParallel = 1;
				LastSwiftUpdateCheck = 1520;
				LastUpgradeCheck = 1520;
				TargetAttributes = {
					B752290B2C54DAB1009DBE2D = {
						CreatedOnToolsVersion = 15.2;
					};
					B752291B2C54DAB2009DBE2D = {
						CreatedOnToolsVersion = 15.2;
						TestTargetID = B752290B2C54DAB1009DBE2D;
					};
					B75229252C54DAB2009DBE2D = {
						CreatedOnToolsVersion = 15.2;
						TestTargetID = B752290B2C54DAB1009DBE2D;
					};
				};
			};
			buildConfigurationList = B75229072C54DAB1009DBE2D /* Build configuration list for PBXProject "SwiftUI-CustomBottomSheet" */;
			compatibilityVersion = "Xcode 14.0";
			developmentRegion = en;
			hasScannedForEncodings = 0;
			knownRegions = (
				en,
				Base,
			);
			mainGroup = B75229032C54DAB1009DBE2D;
			productRefGroup = B752290D2C54DAB1009DBE2D /* Products */;
			projectDirPath = "";
			projectRoot = "";
			targets = (
				B752290B2C54DAB1009DBE2D /* SwiftUI-CustomBottomSheet */,
				B752291B2C54DAB2009DBE2D /* SwiftUI-CustomBottomSheetTests */,
				B75229252C54DAB2009DBE2D /* SwiftUI-CustomBottomSheetUITests */,
			);
		};
/* End PBXProject section */

/* Begin PBXResourcesBuildPhase section */
		B752290A2C54DAB1009DBE2D /* Resources */ = {
			isa = PBXResourcesBuildPhase;
			buildActionMask = 2147483647;
			files = (
				B75229172C54DAB2009DBE2D /* Preview Assets.xcassets in Resources */,
				B75229142C54DAB2009DBE2D /* Assets.xcassets in Resources */,
			);
			runOnlyForDeploymentPostprocessing = 0;
		};
		B752291A2C54DAB2009DBE2D /* Resources */ = {
			isa = PBXResourcesBuildPhase;
			buildActionMask = 2147483647;
			files = (
			);
			runOnlyForDeploymentPostprocessing = 0;
		};
		B75229242C54DAB2009DBE2D /* Resources */ = {
			isa = PBXResourcesBuildPhase;
			buildActionMask = 2147483647;
			files = (
			);
			runOnlyForDeploymentPostprocessing = 0;
		};
/* End PBXResourcesBuildPhase section */

/* Begin PBXSourcesBuildPhase section */
		B75229082C54DAB1009DBE2D /* Sources */ = {
			isa = PBXSourcesBuildPhase;
			buildActionMask = 2147483647;
			files = (
				B70C7B2C2C55287B00C1DF67 /* HomeView.swift in Sources */,
				B75229122C54DAB1009DBE2D /* ContentView.swift in Sources */,
				B75229102C54DAB1009DBE2D /* SwiftUI_CustomBottomSheetApp.swift in Sources */,
				B70C7B2E2C5538D700C1DF67 /* CustomBottomSheet.swift in Sources */,
			);
			runOnlyForDeploymentPostprocessing = 0;
		};
		B75229182C54DAB2009DBE2D /* Sources */ = {
			isa = PBXSourcesBuildPhase;
			buildActionMask = 2147483647;
			files = (
				B75229212C54DAB2009DBE2D /* SwiftUI_CustomBottomSheetTests.swift in Sources */,
			);
			runOnlyForDeploymentPostprocessing = 0;
		};
		B75229222C54DAB2009DBE2D /* Sources */ = {
			isa = PBXSourcesBuildPhase;
			buildActionMask = 2147483647;
			files = (
				B752292D2C54DAB2009DBE2D /* SwiftUI_CustomBottomSheetUITestsLaunchTests.swift in Sources */,
				B752292B2C54DAB2009DBE2D /* SwiftUI_CustomBottomSheetUITests.swift in Sources */,
			);
			runOnlyForDeploymentPostprocessing = 0;
		};
/* End PBXSourcesBuildPhase section */

/* Begin PBXTargetDependency section */
		B752291E2C54DAB2009DBE2D /* PBXTargetDependency */ = {
			isa = PBXTargetDependency;
			target = B752290B2C54DAB1009DBE2D /* SwiftUI-CustomBottomSheet */;
			targetProxy = B752291D2C54DAB2009DBE2D /* PBXContainerItemProxy */;
		};
		B75229282C54DAB2009DBE2D /* PBXTargetDependency */ = {
			isa = PBXTargetDependency;
			target = B752290B2C54DAB1009DBE2D /* SwiftUI-CustomBottomSheet */;
			targetProxy = B75229272C54DAB2009DBE2D /* PBXContainerItemProxy */;
		};
/* End PBXTargetDependency section */

/* Begin XCBuildConfiguration section */
		B752292E2C54DAB2009DBE2D /* Debug */ = {
			isa = XCBuildConfiguration;
			buildSettings = {
				ALWAYS_SEARCH_USER_PATHS = NO;
				ASSETCATALOG_COMPILER_GENERATE_SWIFT_ASSET_SYMBOL_EXTENSIONS = YES;
				CLANG_ANALYZER_NONNULL = YES;
				CLANG_ANALYZER_NUMBER_OBJECT_CONVERSION = YES_AGGRESSIVE;
				CLANG_CXX_LANGUAGE_STANDARD = "gnu++20";
				CLANG_ENABLE_MODULES = YES;
				CLANG_ENABLE_OBJC_ARC = YES;
				CLANG_ENABLE_OBJC_WEAK = YES;
				CLANG_WARN_BLOCK_CAPTURE_AUTORELEASING = YES;
				CLANG_WARN_BOOL_CONVERSION = YES;
				CLANG_WARN_COMMA = YES;
				CLANG_WARN_CONSTANT_CONVERSION = YES;
				CLANG_WARN_DEPRECATED_OBJC_IMPLEMENTATIONS = YES;
				CLANG_WARN_DIRECT_OBJC_ISA_USAGE = YES_ERROR;
				CLANG_WARN_DOCUMENTATION_COMMENTS = YES;
				CLANG_WARN_EMPTY_BODY = YES;
				CLANG_WARN_ENUM_CONVERSION = YES;
				CLANG_WARN_INFINITE_RECURSION = YES;
				CLANG_WARN_INT_CONVERSION = YES;
				CLANG_WARN_NON_LITERAL_NULL_CONVERSION = YES;
				CLANG_WARN_OBJC_IMPLICIT_RETAIN_SELF = YES;
				CLANG_WARN_OBJC_LITERAL_CONVERSION = YES;
				CLANG_WARN_OBJC_ROOT_CLASS = YES_ERROR;
				CLANG_WARN_QUOTED_INCLUDE_IN_FRAMEWORK_HEADER = YES;
				CLANG_WARN_RANGE_LOOP_ANALYSIS = YES;
				CLANG_WARN_STRICT_PROTOTYPES = YES;
				CLANG_WARN_SUSPICIOUS_MOVE = YES;
				CLANG_WARN_UNGUARDED_AVAILABILITY = YES_AGGRESSIVE;
				CLANG_WARN_UNREACHABLE_CODE = YES;
				CLANG_WARN__DUPLICATE_METHOD_MATCH = YES;
				COPY_PHASE_STRIP = NO;
				DEBUG_INFORMATION_FORMAT = dwarf;
				ENABLE_STRICT_OBJC_MSGSEND = YES;
				ENABLE_TESTABILITY = YES;
				ENABLE_USER_SCRIPT_SANDBOXING = YES;
				GCC_C_LANGUAGE_STANDARD = gnu17;
				GCC_DYNAMIC_NO_PIC = NO;
				GCC_NO_COMMON_BLOCKS = YES;
				GCC_OPTIMIZATION_LEVEL = 0;
				GCC_PREPROCESSOR_DEFINITIONS = (
					"DEBUG=1",
					"$(inherited)",
				);
				GCC_WARN_64_TO_32_BIT_CONVERSION = YES;
				GCC_WARN_ABOUT_RETURN_TYPE = YES_ERROR;
				GCC_WARN_UNDECLARED_SELECTOR = YES;
				GCC_WARN_UNINITIALIZED_AUTOS = YES_AGGRESSIVE;
				GCC_WARN_UNUSED_FUNCTION = YES;
				GCC_WARN_UNUSED_VARIABLE = YES;
				IPHONEOS_DEPLOYMENT_TARGET = 17.2;
				LOCALIZATION_PREFERS_STRING_CATALOGS = YES;
				MTL_ENABLE_DEBUG_INFO = INCLUDE_SOURCE;
				MTL_FAST_MATH = YES;
				ONLY_ACTIVE_ARCH = YES;
				SDKROOT = iphoneos;
				SWIFT_ACTIVE_COMPILATION_CONDITIONS = "DEBUG $(inherited)";
				SWIFT_OPTIMIZATION_LEVEL = "-Onone";
			};
			name = Debug;
		};
		B752292F2C54DAB2009DBE2D /* Release */ = {
			isa = XCBuildConfiguration;
			buildSettings = {
				ALWAYS_SEARCH_USER_PATHS = NO;
				ASSETCATALOG_COMPILER_GENERATE_SWIFT_ASSET_SYMBOL_EXTENSIONS = YES;
				CLANG_ANALYZER_NONNULL = YES;
				CLANG_ANALYZER_NUMBER_OBJECT_CONVERSION = YES_AGGRESSIVE;
				CLANG_CXX_LANGUAGE_STANDARD = "gnu++20";
				CLANG_ENABLE_MODULES = YES;
				CLANG_ENABLE_OBJC_ARC = YES;
				CLANG_ENABLE_OBJC_WEAK = YES;
				CLANG_WARN_BLOCK_CAPTURE_AUTORELEASING = YES;
				CLANG_WARN_BOOL_CONVERSION = YES;
				CLANG_WARN_COMMA = YES;
				CLANG_WARN_CONSTANT_CONVERSION = YES;
				CLANG_WARN_DEPRECATED_OBJC_IMPLEMENTATIONS = YES;
				CLANG_WARN_DIRECT_OBJC_ISA_USAGE = YES_ERROR;
				CLANG_WARN_DOCUMENTATION_COMMENTS = YES;
				CLANG_WARN_EMPTY_BODY = YES;
				CLANG_WARN_ENUM_CONVERSION = YES;
				CLANG_WARN_INFINITE_RECURSION = YES;
				CLANG_WARN_INT_CONVERSION = YES;
				CLANG_WARN_NON_LITERAL_NULL_CONVERSION = YES;
				CLANG_WARN_OBJC_IMPLICIT_RETAIN_SELF = YES;
				CLANG_WARN_OBJC_LITERAL_CONVERSION = YES;
				CLANG_WARN_OBJC_ROOT_CLASS = YES_ERROR;
				CLANG_WARN_QUOTED_INCLUDE_IN_FRAMEWORK_HEADER = YES;
				CLANG_WARN_RANGE_LOOP_ANALYSIS = YES;
				CLANG_WARN_STRICT_PROTOTYPES = YES;
				CLANG_WARN_SUSPICIOUS_MOVE = YES;
				CLANG_WARN_UNGUARDED_AVAILABILITY = YES_AGGRESSIVE;
				CLANG_WARN_UNREACHABLE_CODE = YES;
				CLANG_WARN__DUPLICATE_METHOD_MATCH = YES;
				COPY_PHASE_STRIP = NO;
				DEBUG_INFORMATION_FORMAT = "dwarf-with-dsym";
				ENABLE_NS_ASSERTIONS = NO;
				ENABLE_STRICT_OBJC_MSGSEND = YES;
				ENABLE_USER_SCRIPT_SANDBOXING = YES;
				GCC_C_LANGUAGE_STANDARD = gnu17;
				GCC_NO_COMMON_BLOCKS = YES;
				GCC_WARN_64_TO_32_BIT_CONVERSION = YES;
				GCC_WARN_ABOUT_RETURN_TYPE = YES_ERROR;
				GCC_WARN_UNDECLARED_SELECTOR = YES;
				GCC_WARN_UNINITIALIZED_AUTOS = YES_AGGRESSIVE;
				GCC_WARN_UNUSED_FUNCTION = YES;
				GCC_WARN_UNUSED_VARIABLE = YES;
				IPHONEOS_DEPLOYMENT_TARGET = 17.2;
				LOCALIZATION_PREFERS_STRING_CATALOGS = YES;
				MTL_ENABLE_DEBUG_INFO = NO;
				MTL_FAST_MATH = YES;
				SDKROOT = iphoneos;
				SWIFT_COMPILATION_MODE = wholemodule;
				VALIDATE_PRODUCT = YES;
			};
			name = Release;
		};
		B75229312C54DAB2009DBE2D /* Debug */ = {
			isa = XCBuildConfiguration;
			buildSettings = {
				ASSETCATALOG_COMPILER_APPICON_NAME = AppIcon;
				ASSETCATALOG_COMPILER_GLOBAL_ACCENT_COLOR_NAME = AccentColor;
				CODE_SIGN_STYLE = Automatic;
				CURRENT_PROJECT_VERSION = 1;
				DEVELOPMENT_ASSET_PATHS = "\"SwiftUI-CustomBottomSheet/Preview Content\"";
				ENABLE_PREVIEWS = YES;
				GENERATE_INFOPLIST_FILE = YES;
				INFOPLIST_KEY_UIApplicationSceneManifest_Generation = YES;
				INFOPLIST_KEY_UIApplicationSupportsIndirectInputEvents = YES;
				INFOPLIST_KEY_UILaunchScreen_Generation = YES;
				INFOPLIST_KEY_UISupportedInterfaceOrientations_iPad = "UIInterfaceOrientationPortrait UIInterfaceOrientationPortraitUpsideDown UIInterfaceOrientationLandscapeLeft UIInterfaceOrientationLandscapeRight";
				INFOPLIST_KEY_UISupportedInterfaceOrientations_iPhone = "UIInterfaceOrientationPortrait UIInterfaceOrientationLandscapeLeft UIInterfaceOrientationLandscapeRight";
				IPHONEOS_DEPLOYMENT_TARGET = 16.0;
				LD_RUNPATH_SEARCH_PATHS = (
					"$(inherited)",
					"@executable_path/Frameworks",
				);
				MARKETING_VERSION = 1.0;
				PRODUCT_BUNDLE_IDENTIFIER = "com.phw.SwiftUI-CustomBottomSheet";
				PRODUCT_NAME = "$(TARGET_NAME)";
				SWIFT_EMIT_LOC_STRINGS = YES;
				SWIFT_VERSION = 5.0;
				TARGETED_DEVICE_FAMILY = "1,2";
			};
			name = Debug;
		};
		B75229322C54DAB2009DBE2D /* Release */ = {
			isa = XCBuildConfiguration;
			buildSettings = {
				ASSETCATALOG_COMPILER_APPICON_NAME = AppIcon;
				ASSETCATALOG_COMPILER_GLOBAL_ACCENT_COLOR_NAME = AccentColor;
				CODE_SIGN_STYLE = Automatic;
				CURRENT_PROJECT_VERSION = 1;
				DEVELOPMENT_ASSET_PATHS = "\"SwiftUI-CustomBottomSheet/Preview Content\"";
				ENABLE_PREVIEWS = YES;
				GENERATE_INFOPLIST_FILE = YES;
				INFOPLIST_KEY_UIApplicationSceneManifest_Generation = YES;
				INFOPLIST_KEY_UIApplicationSupportsIndirectInputEvents = YES;
				INFOPLIST_KEY_UILaunchScreen_Generation = YES;
				INFOPLIST_KEY_UISupportedInterfaceOrientations_iPad = "UIInterfaceOrientationPortrait UIInterfaceOrientationPortraitUpsideDown UIInterfaceOrientationLandscapeLeft UIInterfaceOrientationLandscapeRight";
				INFOPLIST_KEY_UISupportedInterfaceOrientations_iPhone = "UIInterfaceOrientationPortrait UIInterfaceOrientationLandscapeLeft UIInterfaceOrientationLandscapeRight";
				IPHONEOS_DEPLOYMENT_TARGET = 16.0;
				LD_RUNPATH_SEARCH_PATHS = (
					"$(inherited)",
					"@executable_path/Frameworks",
				);
				MARKETING_VERSION = 1.0;
				PRODUCT_BUNDLE_IDENTIFIER = "com.phw.SwiftUI-CustomBottomSheet";
				PRODUCT_NAME = "$(TARGET_NAME)";
				SWIFT_EMIT_LOC_STRINGS = YES;
				SWIFT_VERSION = 5.0;
				TARGETED_DEVICE_FAMILY = "1,2";
			};
			name = Release;
		};
		B75229342C54DAB2009DBE2D /* Debug */ = {
			isa = XCBuildConfiguration;
			buildSettings = {
				ALWAYS_EMBED_SWIFT_STANDARD_LIBRARIES = YES;
				BUNDLE_LOADER = "$(TEST_HOST)";
				CODE_SIGN_STYLE = Automatic;
				CURRENT_PROJECT_VERSION = 1;
				GENERATE_INFOPLIST_FILE = YES;
				IPHONEOS_DEPLOYMENT_TARGET = 17.2;
				MARKETING_VERSION = 1.0;
				PRODUCT_BUNDLE_IDENTIFIER = "com.phw.SwiftUI-CustomBottomSheetTests";
				PRODUCT_NAME = "$(TARGET_NAME)";
				SWIFT_EMIT_LOC_STRINGS = NO;
				SWIFT_VERSION = 5.0;
				TARGETED_DEVICE_FAMILY = "1,2";
				TEST_HOST = "$(BUILT_PRODUCTS_DIR)/SwiftUI-CustomBottomSheet.app/$(BUNDLE_EXECUTABLE_FOLDER_PATH)/SwiftUI-CustomBottomSheet";
			};
			name = Debug;
		};
		B75229352C54DAB2009DBE2D /* Release */ = {
			isa = XCBuildConfiguration;
			buildSettings = {
				ALWAYS_EMBED_SWIFT_STANDARD_LIBRARIES = YES;
				BUNDLE_LOADER = "$(TEST_HOST)";
				CODE_SIGN_STYLE = Automatic;
				CURRENT_PROJECT_VERSION = 1;
				GENERATE_INFOPLIST_FILE = YES;
				IPHONEOS_DEPLOYMENT_TARGET = 17.2;
				MARKETING_VERSION = 1.0;
				PRODUCT_BUNDLE_IDENTIFIER = "com.phw.SwiftUI-CustomBottomSheetTests";
				PRODUCT_NAME = "$(TARGET_NAME)";
				SWIFT_EMIT_LOC_STRINGS = NO;
				SWIFT_VERSION = 5.0;
				TARGETED_DEVICE_FAMILY = "1,2";
				TEST_HOST = "$(BUILT_PRODUCTS_DIR)/SwiftUI-CustomBottomSheet.app/$(BUNDLE_EXECUTABLE_FOLDER_PATH)/SwiftUI-CustomBottomSheet";
			};
			name = Release;
		};
		B75229372C54DAB2009DBE2D /* Debug */ = {
			isa = XCBuildConfiguration;
			buildSettings = {
				ALWAYS_EMBED_SWIFT_STANDARD_LIBRARIES = YES;
				CODE_SIGN_STYLE = Automatic;
				CURRENT_PROJECT_VERSION = 1;
				GENERATE_INFOPLIST_FILE = YES;
				MARKETING_VERSION = 1.0;
				PRODUCT_BUNDLE_IDENTIFIER = "com.phw.SwiftUI-CustomBottomSheetUITests";
				PRODUCT_NAME = "$(TARGET_NAME)";
				SWIFT_EMIT_LOC_STRINGS = NO;
				SWIFT_VERSION = 5.0;
				TARGETED_DEVICE_FAMILY = "1,2";
				TEST_TARGET_NAME = "SwiftUI-CustomBottomSheet";
			};
			name = Debug;
		};
		B75229382C54DAB2009DBE2D /* Release */ = {
			isa = XCBuildConfiguration;
			buildSettings = {
				ALWAYS_EMBED_SWIFT_STANDARD_LIBRARIES = YES;
				CODE_SIGN_STYLE = Automatic;
				CURRENT_PROJECT_VERSION = 1;
				GENERATE_INFOPLIST_FILE = YES;
				MARKETING_VERSION = 1.0;
				PRODUCT_BUNDLE_IDENTIFIER = "com.phw.SwiftUI-CustomBottomSheetUITests";
				PRODUCT_NAME = "$(TARGET_NAME)";
				SWIFT_EMIT_LOC_STRINGS = NO;
				SWIFT_VERSION = 5.0;
				TARGETED_DEVICE_FAMILY = "1,2";
				TEST_TARGET_NAME = "SwiftUI-CustomBottomSheet";
			};
			name = Release;
		};
/* End XCBuildConfiguration section */

/* Begin XCConfigurationList section */
		B75229072C54DAB1009DBE2D /* Build configuration list for PBXProject "SwiftUI-CustomBottomSheet" */ = {
			isa = XCConfigurationList;
			buildConfigurations = (
				B752292E2C54DAB2009DBE2D /* Debug */,
				B752292F2C54DAB2009DBE2D /* Release */,
			);
			defaultConfigurationIsVisible = 0;
			defaultConfigurationName = Release;
		};
		B75229302C54DAB2009DBE2D /* Build configuration list for PBXNativeTarget "SwiftUI-CustomBottomSheet" */ = {
			isa = XCConfigurationList;
			buildConfigurations = (
				B75229312C54DAB2009DBE2D /* Debug */,
				B75229322C54DAB2009DBE2D /* Release */,
			);
			defaultConfigurationIsVisible = 0;
			defaultConfigurationName = Release;
		};
		B75229332C54DAB2009DBE2D /* Build configuration list for PBXNativeTarget "SwiftUI-CustomBottomSheetTests" */ = {
			isa = XCConfigurationList;
			buildConfigurations = (
				B75229342C54DAB2009DBE2D /* Debug */,
				B75229352C54DAB2009DBE2D /* Release */,
			);
			defaultConfigurationIsVisible = 0;
			defaultConfigurationName = Release;
		};
		B75229362C54DAB2009DBE2D /* Build configuration list for PBXNativeTarget "SwiftUI-CustomBottomSheetUITests" */ = {
			isa = XCConfigurationList;
			buildConfigurations = (
				B75229372C54DAB2009DBE2D /* Debug */,
				B75229382C54DAB2009DBE2D /* Release */,
			);
			defaultConfigurationIsVisible = 0;
			defaultConfigurationName = Release;
		};
/* End XCConfigurationList section */
	};
	rootObject = B75229042C54DAB1009DBE2D /* Project object */;
}
